
Microsoft Visual Studio Solution File, Format Version 12.00
# Visual Studio Version 17
VisualStudioVersion = 17.13.35806.99
MinimumVisualStudioVersion = 10.0.40219.1
Project("{FAE04EC0-301F-11D3-BF4B-00C04F79EFBC}") = "WebAppInterview", "WebAppInterview\WebAppInterview.csproj", "{5A0B0A50-5280-45D2-84CD-24CE24F14348}"
EndProject
Project("{FAE04EC0-301F-11D3-BF4B-00C04F79EFBC}") = "WebAppRouting", "WebAppRouting\WebAppRouting.csproj", "{B9DE91AC-2366-4CAD-AF6C-9AF8E30549CD}"
EndProject
Project("{FAE04EC0-301F-11D3-BF4B-00C04F79EFBC}") = "WebAppViews", "WebAppViews\WebAppViews.csproj", "{5264E340-B9AA-4E0A-8135-453613C4A03F}"
EndProject
Project("{FAE04EC0-301F-11D3-BF4B-00C04F79EFBC}") = "WebAppActionResults", "WebAppActionResults\WebAppActionResults.csproj", "{969EAA6E-9D1B-4162-BDEA-1245C74AB4FD}"
EndProject
Project("{FAE04EC0-301F-11D3-BF4B-00C04F79EFBC}") = "WebAppDataPassing", "WebAppDataPassing\WebAppDataPassing.csproj", "{B74654BF-5A23-4DE6-A3FD-B8A8BAB2F581}"
EndProject
Project("{FAE04EC0-301F-11D3-BF4B-00C04F79EFBC}") = "WebAppModelBinding", "WebAppModelBinding\WebAppModelBinding.csproj", "{F73C641F-2061-4A14-BAE0-2A387F0DDE0C}"
EndProject
Project("{FAE04EC0-301F-11D3-BF4B-00C04F79EFBC}") = "ConsoleAppEFCore", "ConsoleAppEFCore\ConsoleAppEFCore.csproj", "{4AD88598-B2D7-4D45-A443-9559CEF74AE4}"
EndProject
Project("{FAE04EC0-301F-11D3-BF4B-00C04F79EFBC}") = "WebAppCRUD", "WebAppCRUD\WebAppCRUD.csproj", "{91F12424-384B-46EB-ABD0-5ECDF8872632}"
EndProject
Global
	GlobalSection(SolutionConfigurationPlatforms) = preSolution
		Debug|Any CPU = Debug|Any CPU
		Release|Any CPU = Release|Any CPU
	EndGlobalSection
	GlobalSection(ProjectConfigurationPlatforms) = postSolution
		{5A0B0A50-5280-45D2-84CD-24CE24F14348}.Debug|Any CPU.ActiveCfg = Debug|Any CPU
		{5A0B0A50-5280-45D2-84CD-24CE24F14348}.Debug|Any CPU.Build.0 = Debug|Any CPU
		{5A0B0A50-5280-45D2-84CD-24CE24F14348}.Release|Any CPU.ActiveCfg = Release|Any CPU
		{5A0B0A50-5280-45D2-84CD-24CE24F14348}.Release|Any CPU.Build.0 = Release|Any CPU
		{B9DE91AC-2366-4CAD-AF6C-9AF8E30549CD}.Debug|Any CPU.ActiveCfg = Debug|Any CPU
		{B9DE91AC-2366-4CAD-AF6C-9AF8E30549CD}.Debug|Any CPU.Build.0 = Debug|Any CPU
		{B9DE91AC-2366-4CAD-AF6C-9AF8E30549CD}.Release|Any CPU.ActiveCfg = Release|Any CPU
		{B9DE91AC-2366-4CAD-AF6C-9AF8E30549CD}.Release|Any CPU.Build.0 = Release|Any CPU
		{5264E340-B9AA-4E0A-8135-453613C4A03F}.Debug|Any CPU.ActiveCfg = Debug|Any CPU
		{5264E340-B9AA-4E0A-8135-453613C4A03F}.Debug|Any CPU.Build.0 = Debug|Any CPU
		{5264E340-B9AA-4E0A-8135-453613C4A03F}.Release|Any CPU.ActiveCfg = Release|Any CPU
		{5264E340-B9AA-4E0A-8135-453613C4A03F}.Release|Any CPU.Build.0 = Release|Any CPU
		{969EAA6E-9D1B-4162-BDEA-1245C74AB4FD}.Debug|Any CPU.ActiveCfg = Debug|Any CPU
		{969EAA6E-9D1B-4162-BDEA-1245C74AB4FD}.Debug|Any CPU.Build.0 = Debug|Any CPU
		{969EAA6E-9D1B-4162-BDEA-1245C74AB4FD}.Release|Any CPU.ActiveCfg = Release|Any CPU
		{969EAA6E-9D1B-4162-BDEA-1245C74AB4FD}.Release|Any CPU.Build.0 = Release|Any CPU
		{B74654BF-5A23-4DE6-A3FD-B8A8BAB2F581}.Debug|Any CPU.ActiveCfg = Debug|Any CPU
		{B74654BF-5A23-4DE6-A3FD-B8A8BAB2F581}.Debug|Any CPU.Build.0 = Debug|Any CPU
		{B74654BF-5A23-4DE6-A3FD-B8A8BAB2F581}.Release|Any CPU.ActiveCfg = Release|Any CPU
		{B74654BF-5A23-4DE6-A3FD-B8A8BAB2F581}.Release|Any CPU.Build.0 = Release|Any CPU
		{F73C641F-2061-4A14-BAE0-2A387F0DDE0C}.Debug|Any CPU.ActiveCfg = Debug|Any CPU
		{F73C641F-2061-4A14-BAE0-2A387F0DDE0C}.Debug|Any CPU.Build.0 = Debug|Any CPU
		{F73C641F-2061-4A14-BAE0-2A387F0DDE0C}.Release|Any CPU.ActiveCfg = Release|Any CPU
		{F73C641F-2061-4A14-BAE0-2A387F0DDE0C}.Release|Any CPU.Build.0 = Release|Any CPU
		{4AD88598-B2D7-4D45-A443-9559CEF74AE4}.Debug|Any CPU.ActiveCfg = Debug|Any CPU
		{4AD88598-B2D7-4D45-A443-9559CEF74AE4}.Debug|Any CPU.Build.0 = Debug|Any CPU
		{4AD88598-B2D7-4D45-A443-9559CEF74AE4}.Release|Any CPU.ActiveCfg = Release|Any CPU
		{4AD88598-B2D7-4D45-A443-9559CEF74AE4}.Release|Any CPU.Build.0 = Release|Any CPU
		{91F12424-384B-46EB-ABD0-5ECDF8872632}.Debug|Any CPU.ActiveCfg = Debug|Any CPU
		{91F12424-384B-46EB-ABD0-5ECDF8872632}.Debug|Any CPU.Build.0 = Debug|Any CPU
		{91F12424-384B-46EB-ABD0-5ECDF8872632}.Release|Any CPU.ActiveCfg = Release|Any CPU
		{91F12424-384B-46EB-ABD0-5ECDF8872632}.Release|Any CPU.Build.0 = Release|Any CPU
	EndGlobalSection
	GlobalSection(SolutionProperties) = preSolution
		HideSolutionNode = FALSE
	EndGlobalSection
	GlobalSection(ExtensibilityGlobals) = postSolution
		SolutionGuid = {FB223E05-4B0B-4613-BD2E-3037129BCE7F}
	EndGlobalSection
EndGlobal
